
Microsoft Visual Studio Solution File, Format Version 12.00
# Visual Studio Version 17
VisualStudioVersion = 17.11.35312.102
MinimumVisualStudioVersion = 10.0.40219.1
Project("{FAE04EC0-301F-11D3-BF4B-00C04F79EFBC}") = "MemoLamppu", "MemoLamppu\MemoLamppu.csproj", "{E1209B9E-31B3-450A-9499-4314830288FC}"
EndProject
Global
	GlobalSection(SolutionConfigurationPlatforms) = preSolution
		Debug|Any CPU = Debug|Any CPU
		Release|Any CPU = Release|Any CPU
	EndGlobalSection
	GlobalSection(ProjectConfigurationPlatforms) = postSolution
		{E1209B9E-31B3-450A-9499-4314830288FC}.Debug|Any CPU.ActiveCfg = Debug|Any CPU
		{E1209B9E-31B3-450A-9499-4314830288FC}.Debug|Any CPU.Build.0 = Debug|Any CPU
		{E1209B9E-31B3-450A-9499-4314830288FC}.Debug|Any CPU.Deploy.0 = Debug|Any CPU
		{E1209B9E-31B3-450A-9499-4314830288FC}.Release|Any CPU.ActiveCfg = Release|Any CPU
		{E1209B9E-31B3-450A-9499-4314830288FC}.Release|Any CPU.Build.0 = Release|Any CPU
		{E1209B9E-31B3-450A-9499-4314830288FC}.Release|Any CPU.Deploy.0 = Release|Any CPU
	EndGlobalSection
	GlobalSection(SolutionProperties) = preSolution
		HideSolutionNode = FALSE
	EndGlobalSection
	GlobalSection(ExtensibilityGlobals) = postSolution
		SolutionGuid = {2E04B5ED-749A-42BB-9F92-92DF541EDC80}
	EndGlobalSection
EndGlobal
